
Microsoft Visual Studio Solution File, Format Version 12.00
# Visual Studio Version 16
VisualStudioVersion = 16.0.29001.49
MinimumVisualStudioVersion = 10.0.40219.1
Project("{FAE04EC0-301F-11D3-BF4B-00C04F79EFBC}") = "CoffeeReno", "CoffeeReno\CoffeeReno.csproj", "{B1DBC8AB-DAFF-44E1-A218-56BB3A3E872B}"
EndProject
Global
	GlobalSection(SolutionConfigurationPlatforms) = preSolution
		Debug|Any CPU = Debug|Any CPU
		Release|Any CPU = Release|Any CPU
	EndGlobalSection
	GlobalSection(ProjectConfigurationPlatforms) = postSolution
		{B1DBC8AB-DAFF-44E1-A218-56BB3A3E872B}.Debug|Any CPU.ActiveCfg = Debug|Any CPU
		{B1DBC8AB-DAFF-44E1-A218-56BB3A3E872B}.Debug|Any CPU.Build.0 = Debug|Any CPU
		{B1DBC8AB-DAFF-44E1-A218-56BB3A3E872B}.Release|Any CPU.ActiveCfg = Release|Any CPU
		{B1DBC8AB-DAFF-44E1-A218-56BB3A3E872B}.Release|Any CPU.Build.0 = Release|Any CPU
	EndGlobalSection
	GlobalSection(SolutionProperties) = preSolution
		HideSolutionNode = FALSE
	EndGlobalSection
	GlobalSection(ExtensibilityGlobals) = postSolution
		SolutionGuid = {33DEF95B-BF02-4149-9719-B0FF52E5C9A0}
	EndGlobalSection
EndGlobal
